
Microsoft Visual Studio Solution File, Format Version 12.00
# Visual Studio Version 17
VisualStudioVersion = 17.1.32328.378
MinimumVisualStudioVersion = 10.0.40219.1
Project("{FAE04EC0-301F-11D3-BF4B-00C04F79EFBC}") = "Практическая C(sharp)", "Практическая C(sharp)\Практическая C(sharp).csproj", "{D580BC68-6C9F-4A3F-B078-C43F6344B364}"
EndProject
Global
	GlobalSection(SolutionConfigurationPlatforms) = preSolution
		Debug|Any CPU = Debug|Any CPU
		Release|Any CPU = Release|Any CPU
	EndGlobalSection
	GlobalSection(ProjectConfigurationPlatforms) = postSolution
		{D580BC68-6C9F-4A3F-B078-C43F6344B364}.Debug|Any CPU.ActiveCfg = Debug|Any CPU
		{D580BC68-6C9F-4A3F-B078-C43F6344B364}.Debug|Any CPU.Build.0 = Debug|Any CPU
		{D580BC68-6C9F-4A3F-B078-C43F6344B364}.Release|Any CPU.ActiveCfg = Release|Any CPU
		{D580BC68-6C9F-4A3F-B078-C43F6344B364}.Release|Any CPU.Build.0 = Release|Any CPU
	EndGlobalSection
	GlobalSection(SolutionProperties) = preSolution
		HideSolutionNode = FALSE
	EndGlobalSection
	GlobalSection(ExtensibilityGlobals) = postSolution
		SolutionGuid = {31A3BA01-EA87-4FFB-BDAB-85810C3A42F1}
	EndGlobalSection
EndGlobal
